
Microsoft Visual Studio Solution File, Format Version 12.00
# Visual Studio Version 17
VisualStudioVersion = 17.0.32014.148
MinimumVisualStudioVersion = 10.0.40219.1
Project("{FAE04EC0-301F-11D3-BF4B-00C04F79EFBC}") = "XMLConfig", "XMLConfig.csproj", "{AAF11126-7482-4537-949E-6E294547FEB4}"
EndProject
Global
	GlobalSection(SolutionConfigurationPlatforms) = preSolution
		Debug|Any CPU = Debug|Any CPU
		Release|Any CPU = Release|Any CPU
	EndGlobalSection
	GlobalSection(ProjectConfigurationPlatforms) = postSolution
		{AAF11126-7482-4537-949E-6E294547FEB4}.Debug|Any CPU.ActiveCfg = Debug|Any CPU
		{AAF11126-7482-4537-949E-6E294547FEB4}.Debug|Any CPU.Build.0 = Debug|Any CPU
		{AAF11126-7482-4537-949E-6E294547FEB4}.Release|Any CPU.ActiveCfg = Release|Any CPU
		{AAF11126-7482-4537-949E-6E294547FEB4}.Release|Any CPU.Build.0 = Release|Any CPU
	EndGlobalSection
	GlobalSection(SolutionProperties) = preSolution
		HideSolutionNode = FALSE
	EndGlobalSection
	GlobalSection(ExtensibilityGlobals) = postSolution
		SolutionGuid = {F50EF704-13C2-4758-9077-8FA40A6FF455}
	EndGlobalSection
EndGlobal
